
Microsoft Visual Studio Solution File, Format Version 12.00
# Visual Studio 15
VisualStudioVersion = 15.0.27703.2042
MinimumVisualStudioVersion = 10.0.40219.1
Project("{888888A0-9F3D-457C-B088-3A5042F75D52}") = "wildlife_backend_hack", "wildlife_backend_hack\wildlife_backend_hack.pyproj", "{542AF9C0-570E-4AB2-9283-5688159DF89E}"
EndProject
Global
	GlobalSection(SolutionConfigurationPlatforms) = preSolution
		Debug|Any CPU = Debug|Any CPU
		Release|Any CPU = Release|Any CPU
	EndGlobalSection
	GlobalSection(ProjectConfigurationPlatforms) = postSolution
		{542AF9C0-570E-4AB2-9283-5688159DF89E}.Debug|Any CPU.ActiveCfg = Debug|Any CPU
		{542AF9C0-570E-4AB2-9283-5688159DF89E}.Debug|Any CPU.Build.0 = Debug|Any CPU
		{542AF9C0-570E-4AB2-9283-5688159DF89E}.Release|Any CPU.ActiveCfg = Release|Any CPU
		{542AF9C0-570E-4AB2-9283-5688159DF89E}.Release|Any CPU.Build.0 = Release|Any CPU
	EndGlobalSection
	GlobalSection(SolutionProperties) = preSolution
		HideSolutionNode = FALSE
	EndGlobalSection
	GlobalSection(ExtensibilityGlobals) = postSolution
		SolutionGuid = {89841F4C-9D07-45BB-A496-CDC3D77A8661}
	EndGlobalSection
EndGlobal
